<?xml version="1.0" encoding="UTF-8" standalone="yes" ?>
<CodeBlocks_project_file>
	<FileVersion major="1" minor="6" />
	<Project>
		<Option title="MosNet" />
		<Option pch_mode="2" />
		<Option compiler="gcc" />
		<Build>
			<Target title="Debug">
				<Option output="bin/Debug/MosNet" prefix_auto="1" extension_auto="1" />
				<Option object_output="obj/Debug/" />
				<Option type="1" />
				<Option compiler="gcc" />
				<Compiler>
					<Add option="-g" />
					<Add directory="./" />
				</Compiler>
			</Target>
			<Target title="Release">
				<Option output="bin/Release/MosNet" prefix_auto="1" extension_auto="1" />
				<Option object_output="obj/Release/" />
				<Option type="1" />
				<Option compiler="gcc" />
				<Compiler>
					<Add option="-O2" />
					<Add directory="./" />
				</Compiler>
				<Linker>
					<Add option="-s" />
				</Linker>
			</Target>
		</Build>
		<Compiler>
			<Add option="-Wall" />
			<Add option="-fexceptions" />
		</Compiler>
		<Unit filename="Layers/convolution.cpp" />
		<Unit filename="Layers/convolution.hpp" />
		<Unit filename="Layers/fc.cpp" />
		<Unit filename="Layers/fc.hpp" />
		<Unit filename="Layers/pooling.cpp" />
		<Unit filename="Layers/pooling.hpp" />
		<Unit filename="convolution.cpp" />
		<Unit filename="convolution.hpp" />
		<Unit filename="fc.cpp" />
		<Unit filename="fc.hpp" />
		<Unit filename="layers.cpp" />
		<Unit filename="layers.hpp" />
		<Unit filename="main.cpp" />
		<Unit filename="pooling.cpp" />
		<Unit filename="pooling.hpp" />
		<Extensions>
			<lib_finder disable_auto="1" />
		</Extensions>
	</Project>
</CodeBlocks_project_file>
